
Microsoft Visual Studio Solution File, Format Version 12.00
# Visual Studio Version 16
VisualStudioVersion = 16.0.30011.22
MinimumVisualStudioVersion = 10.0.40219.1
Project("{FAE04EC0-301F-11D3-BF4B-00C04F79EFBC}") = "SportsStore.WebUI", "SportsStore.WebUI\SportsStore.WebUI.csproj", "{FEABD4EF-B182-462E-8CB2-C857A5A018AD}"
EndProject
Project("{FAE04EC0-301F-11D3-BF4B-00C04F79EFBC}") = "SportsStore.UnitTests", "SportsStore.UnitTests\SportsStore.UnitTests.csproj", "{D610CF65-D0B1-465F-B51F-F4676963286E}"
EndProject
Project("{FAE04EC0-301F-11D3-BF4B-00C04F79EFBC}") = "SportsStore.Domain", "SportsStore.Domain\SportsStore.Domain.csproj", "{8AE7DE18-27FE-4081-85E4-4F5DE2117373}"
EndProject
Global
	GlobalSection(SolutionConfigurationPlatforms) = preSolution
		Debug|Any CPU = Debug|Any CPU
		Release|Any CPU = Release|Any CPU
	EndGlobalSection
	GlobalSection(ProjectConfigurationPlatforms) = postSolution
		{FEABD4EF-B182-462E-8CB2-C857A5A018AD}.Debug|Any CPU.ActiveCfg = Debug|Any CPU
		{FEABD4EF-B182-462E-8CB2-C857A5A018AD}.Debug|Any CPU.Build.0 = Debug|Any CPU
		{FEABD4EF-B182-462E-8CB2-C857A5A018AD}.Release|Any CPU.ActiveCfg = Release|Any CPU
		{FEABD4EF-B182-462E-8CB2-C857A5A018AD}.Release|Any CPU.Build.0 = Release|Any CPU
		{D610CF65-D0B1-465F-B51F-F4676963286E}.Debug|Any CPU.ActiveCfg = Debug|Any CPU
		{D610CF65-D0B1-465F-B51F-F4676963286E}.Debug|Any CPU.Build.0 = Debug|Any CPU
		{D610CF65-D0B1-465F-B51F-F4676963286E}.Release|Any CPU.ActiveCfg = Release|Any CPU
		{D610CF65-D0B1-465F-B51F-F4676963286E}.Release|Any CPU.Build.0 = Release|Any CPU
		{8AE7DE18-27FE-4081-85E4-4F5DE2117373}.Debug|Any CPU.ActiveCfg = Debug|Any CPU
		{8AE7DE18-27FE-4081-85E4-4F5DE2117373}.Debug|Any CPU.Build.0 = Debug|Any CPU
		{8AE7DE18-27FE-4081-85E4-4F5DE2117373}.Release|Any CPU.ActiveCfg = Release|Any CPU
		{8AE7DE18-27FE-4081-85E4-4F5DE2117373}.Release|Any CPU.Build.0 = Release|Any CPU
	EndGlobalSection
	GlobalSection(SolutionProperties) = preSolution
		HideSolutionNode = FALSE
	EndGlobalSection
	GlobalSection(ExtensibilityGlobals) = postSolution
		SolutionGuid = {4BB9E558-72D5-467A-AC8A-BC4044B47A10}
	EndGlobalSection
EndGlobal
